
Microsoft Visual Studio Solution File, Format Version 12.00
# Visual Studio Version 16
VisualStudioVersion = 16.0.29418.71
MinimumVisualStudioVersion = 10.0.40219.1
Project("{FAE04EC0-301F-11D3-BF4B-00C04F79EFBC}") = "GB-Algoritmen-Lesson_7", "GB-Algoritmen-Lesson_7\GB-Algoritmen-Lesson_7.csproj", "{3150B5F5-7B44-4767-A8CB-6524769A37F4}"
EndProject
Global
	GlobalSection(SolutionConfigurationPlatforms) = preSolution
		Debug|Any CPU = Debug|Any CPU
		Release|Any CPU = Release|Any CPU
	EndGlobalSection
	GlobalSection(ProjectConfigurationPlatforms) = postSolution
		{3150B5F5-7B44-4767-A8CB-6524769A37F4}.Debug|Any CPU.ActiveCfg = Debug|Any CPU
		{3150B5F5-7B44-4767-A8CB-6524769A37F4}.Debug|Any CPU.Build.0 = Debug|Any CPU
		{3150B5F5-7B44-4767-A8CB-6524769A37F4}.Release|Any CPU.ActiveCfg = Release|Any CPU
		{3150B5F5-7B44-4767-A8CB-6524769A37F4}.Release|Any CPU.Build.0 = Release|Any CPU
	EndGlobalSection
	GlobalSection(SolutionProperties) = preSolution
		HideSolutionNode = FALSE
	EndGlobalSection
	GlobalSection(ExtensibilityGlobals) = postSolution
		SolutionGuid = {983E1383-D0CD-40A5-BF17-BAE5D9566E83}
	EndGlobalSection
EndGlobal
